// !$*UTF8*$!
{
	archiveVersion = 1;
	classes = {
	};
	objectVersion = 46;
	objects = {

/* Begin PBXBuildFile section */
		4203E2D31558C62D0015EC11 /* UIKit.framework in Frameworks */ = {isa = PBXBuildFile; fileRef = 4203E2D21558C62D0015EC11 /* UIKit.framework */; };
		4203E2D51558C62D0015EC11 /* Foundation.framework in Frameworks */ = {isa = PBXBuildFile; fileRef = 4203E2D41558C62D0015EC11 /* Foundation.framework */; };
		4203E2D71558C62D0015EC11 /* CoreGraphics.framework in Frameworks */ = {isa = PBXBuildFile; fileRef = 4203E2D61558C62D0015EC11 /* CoreGraphics.framework */; };
		4203E2DD1558C62D0015EC11 /* InfoPlist.strings in Resources */ = {isa = PBXBuildFile; fileRef = 4203E2DB1558C62D0015EC11 /* InfoPlist.strings */; };
		4203E2DF1558C62D0015EC11 /* main.m in Sources */ = {isa = PBXBuildFile; fileRef = 4203E2DE1558C62D0015EC11 /* main.m */; };
		4203E2E31558C62D0015EC11 /* AppDelegate.m in Sources */ = {isa = PBXBuildFile; fileRef = 4203E2E21558C62D0015EC11 /* AppDelegate.m */; };
		4208F97E1563334400C440FC /* images in Resources */ = {isa = PBXBuildFile; fileRef = 4208F97D1563334400C440FC /* images */; };
		427D540515621301004A58B0 /* AnimatedImageViewController.m in Sources */ = {isa = PBXBuildFile; fileRef = 427D540415621301004A58B0 /* AnimatedImageViewController.m */; };
		427D54A715621F82004A58B0 /* SoundPlayer.m in Sources */ = {isa = PBXBuildFile; fileRef = 427D54A615621F82004A58B0 /* SoundPlayer.m */; };
		427D54A915622065004A58B0 /* AVFoundation.framework in Frameworks */ = {isa = PBXBuildFile; fileRef = 427D54A815622065004A58B0 /* AVFoundation.framework */; };
		427D54AB1562211C004A58B0 /* sounds in Resources */ = {isa = PBXBuildFile; fileRef = 427D54AA1562211C004A58B0 /* sounds */; };
		42E8AFE11561F1900070D1C5 /* ImageViewController.m in Sources */ = {isa = PBXBuildFile; fileRef = 42E8AFE01561F1900070D1C5 /* ImageViewController.m */; };
/* End PBXBuildFile section */

/* Begin PBXFileReference section */
		4203E2CE1558C62D0015EC11 /* May3.app */ = {isa = PBXFileReference; explicitFileType = wrapper.application; includeInIndex = 0; path = May3.app; sourceTree = BUILT_PRODUCTS_DIR; };
		4203E2D21558C62D0015EC11 /* UIKit.framework */ = {isa = PBXFileReference; lastKnownFileType = wrapper.framework; name = UIKit.framework; path = System/Library/Frameworks/UIKit.framework; sourceTree = SDKROOT; };
		4203E2D41558C62D0015EC11 /* Foundation.framework */ = {isa = PBXFileReference; lastKnownFileType = wrapper.framework; name = Foundation.framework; path = System/Library/Frameworks/Foundation.framework; sourceTree = SDKROOT; };
		4203E2D61558C62D0015EC11 /* CoreGraphics.framework */ = {isa = PBXFileReference; lastKnownFileType = wrapper.framework; name = CoreGraphics.framework; path = System/Library/Frameworks/CoreGraphics.framework; sourceTree = SDKROOT; };
		4203E2DA1558C62D0015EC11 /* May3-Info.plist */ = {isa = PBXFileReference; lastKnownFileType = text.plist.xml; path = "May3-Info.plist"; sourceTree = "<group>"; };
		4203E2DC1558C62D0015EC11 /* en */ = {isa = PBXFileReference; lastKnownFileType = text.plist.strings; name = en; path = en.lproj/InfoPlist.strings; sourceTree = "<group>"; };
		4203E2DE1558C62D0015EC11 /* main.m */ = {isa = PBXFileReference; lastKnownFileType = sourcecode.c.objc; path = main.m; sourceTree = "<group>"; };
		4203E2E01558C62D0015EC11 /* May3-Prefix.pch */ = {isa = PBXFileReference; lastKnownFileType = sourcecode.c.h; path = "May3-Prefix.pch"; sourceTree = "<group>"; };
		4203E2E11558C62D0015EC11 /* AppDelegate.h */ = {isa = PBXFileReference; lastKnownFileType = sourcecode.c.h; path = AppDelegate.h; sourceTree = "<group>"; };
		4203E2E21558C62D0015EC11 /* AppDelegate.m */ = {isa = PBXFileReference; lastKnownFileType = sourcecode.c.objc; path = AppDelegate.m; sourceTree = "<group>"; };
		4208F97D1563334400C440FC /* images */ = {isa = PBXFileReference; lastKnownFileType = folder; path = images; sourceTree = SOURCE_ROOT; };
		427D540315621301004A58B0 /* AnimatedImageViewController.h */ = {isa = PBXFileReference; fileEncoding = 4; lastKnownFileType = sourcecode.c.h; path = AnimatedImageViewController.h; sourceTree = "<group>"; };
		427D540415621301004A58B0 /* AnimatedImageViewController.m */ = {isa = PBXFileReference; fileEncoding = 4; lastKnownFileType = sourcecode.c.objc; path = AnimatedImageViewController.m; sourceTree = "<group>"; };
		427D54A515621F82004A58B0 /* SoundPlayer.h */ = {isa = PBXFileReference; fileEncoding = 4; lastKnownFileType = sourcecode.c.h; path = SoundPlayer.h; sourceTree = "<group>"; };
		427D54A615621F82004A58B0 /* SoundPlayer.m */ = {isa = PBXFileReference; fileEncoding = 4; lastKnownFileType = sourcecode.c.objc; path = SoundPlayer.m; sourceTree = "<group>"; };
		427D54A815622065004A58B0 /* AVFoundation.framework */ = {isa = PBXFileReference; lastKnownFileType = wrapper.framework; name = AVFoundation.framework; path = System/Library/Frameworks/AVFoundation.framework; sourceTree = SDKROOT; };
		427D54AA1562211C004A58B0 /* sounds */ = {isa = PBXFileReference; lastKnownFileType = folder; path = sounds; sourceTree = SOURCE_ROOT; };
		42E8AFDF1561F1900070D1C5 /* ImageViewController.h */ = {isa = PBXFileReference; fileEncoding = 4; lastKnownFileType = sourcecode.c.h; path = ImageViewController.h; sourceTree = "<group>"; };
		42E8AFE01561F1900070D1C5 /* ImageViewController.m */ = {isa = PBXFileReference; fileEncoding = 4; lastKnownFileType = sourcecode.c.objc; path = ImageViewController.m; sourceTree = "<group>"; };
/* End PBXFileReference section */

/* Begin PBXFrameworksBuildPhase section */
		4203E2CB1558C62D0015EC11 /* Frameworks */ = {
			isa = PBXFrameworksBuildPhase;
			buildActionMask = 2147483647;
			files = (
				427D54A915622065004A58B0 /* AVFoundation.framework in Frameworks */,
				4203E2D31558C62D0015EC11 /* UIKit.framework in Frameworks */,
				4203E2D51558C62D0015EC11 /* Foundation.framework in Frameworks */,
				4203E2D71558C62D0015EC11 /* CoreGraphics.framework in Frameworks */,
			);
			runOnlyForDeploymentPostprocessing = 0;
		};
/* End PBXFrameworksBuildPhase section */

/* Begin PBXGroup section */
		4203E2C31558C62D0015EC11 = {
			isa = PBXGroup;
			children = (
				4203E2D81558C62D0015EC11 /* May3 */,
				4203E2D11558C62D0015EC11 /* Frameworks */,
				4203E2CF1558C62D0015EC11 /* Products */,
			);
			sourceTree = "<group>";
		};
		4203E2CF1558C62D0015EC11 /* Products */ = {
			isa = PBXGroup;
			children = (
				4203E2CE1558C62D0015EC11 /* May3.app */,
			);
			name = Products;
			sourceTree = "<group>";
		};
		4203E2D11558C62D0015EC11 /* Frameworks */ = {
			isa = PBXGroup;
			children = (
				427D54A815622065004A58B0 /* AVFoundation.framework */,
				4203E2D21558C62D0015EC11 /* UIKit.framework */,
				4203E2D41558C62D0015EC11 /* Foundation.framework */,
				4203E2D61558C62D0015EC11 /* CoreGraphics.framework */,
			);
			name = Frameworks;
			sourceTree = "<group>";
		};
		4203E2D81558C62D0015EC11 /* May3 */ = {
			isa = PBXGroup;
			children = (
				4203E2E11558C62D0015EC11 /* AppDelegate.h */,
				4203E2E21558C62D0015EC11 /* AppDelegate.m */,
				4203E2D91558C62D0015EC11 /* Supporting Files */,
				42E8AFDF1561F1900070D1C5 /* ImageViewController.h */,
				42E8AFE01561F1900070D1C5 /* ImageViewController.m */,
				427D540315621301004A58B0 /* AnimatedImageViewController.h */,
				427D540415621301004A58B0 /* AnimatedImageViewController.m */,
				427D54A515621F82004A58B0 /* SoundPlayer.h */,
				427D54A615621F82004A58B0 /* SoundPlayer.m */,
			);
			path = May3;
			sourceTree = "<group>";
		};
		4203E2D91558C62D0015EC11 /* Supporting Files */ = {
			isa = PBXGroup;
			children = (
				4208F97D1563334400C440FC /* images */,
				427D54AA1562211C004A58B0 /* sounds */,
				4203E2DA1558C62D0015EC11 /* May3-Info.plist */,
				4203E2DB1558C62D0015EC11 /* InfoPlist.strings */,
				4203E2DE1558C62D0015EC11 /* main.m */,
				4203E2E01558C62D0015EC11 /* May3-Prefix.pch */,
			);
			name = "Supporting Files";
			sourceTree = "<group>";
		};
/* End PBXGroup section */

/* Begin PBXNativeTarget section */
		4203E2CD1558C62D0015EC11 /* May3 */ = {
			isa = PBXNativeTarget;
			buildConfigurationList = 4203E2E61558C62D0015EC11 /* Build configuration list for PBXNativeTarget "May3" */;
			buildPhases = (
				4203E2CA1558C62D0015EC11 /* Sources */,
				4203E2CB1558C62D0015EC11 /* Frameworks */,
				4203E2CC1558C62D0015EC11 /* Resources */,
			);
			buildRules = (
			);
			dependencies = (
			);
			name = May3;
			productName = May3;
			productReference = 4203E2CE1558C62D0015EC11 /* May3.app */;
			productType = "com.apple.product-type.application";
		};
/* End PBXNativeTarget section */

/* Begin PBXProject section */
		4203E2C51558C62D0015EC11 /* Project object */ = {
			isa = PBXProject;
			attributes = {
				LastUpgradeCheck = 0430;
			};
			buildConfigurationList = 4203E2C81558C62D0015EC11 /* Build configuration list for PBXProject "May3" */;
			compatibilityVersion = "Xcode 3.2";
			developmentRegion = English;
			hasScannedForEncodings = 0;
			knownRegions = (
				en,
			);
			mainGroup = 4203E2C31558C62D0015EC11;
			productRefGroup = 4203E2CF1558C62D0015EC11 /* Products */;
			projectDirPath = "";
			projectRoot = "";
			targets = (
				4203E2CD1558C62D0015EC11 /* May3 */,
			);
		};
/* End PBXProject section */

/* Begin PBXResourcesBuildPhase section */
		4203E2CC1558C62D0015EC11 /* Resources */ = {
			isa = PBXResourcesBuildPhase;
			buildActionMask = 2147483647;
			files = (
				4203E2DD1558C62D0015EC11 /* InfoPlist.strings in Resources */,
				427D54AB1562211C004A58B0 /* sounds in Resources */,
				4208F97E1563334400C440FC /* images in Resources */,
			);
			runOnlyForDeploymentPostprocessing = 0;
		};
/* End PBXResourcesBuildPhase section */

/* Begin PBXSourcesBuildPhase section */
		4203E2CA1558C62D0015EC11 /* Sources */ = {
			isa = PBXSourcesBuildPhase;
			buildActionMask = 2147483647;
			files = (
				4203E2DF1558C62D0015EC11 /* main.m in Sources */,
				4203E2E31558C62D0015EC11 /* AppDelegate.m in Sources */,
				42E8AFE11561F1900070D1C5 /* ImageViewController.m in Sources */,
				427D540515621301004A58B0 /* AnimatedImageViewController.m in Sources */,
				427D54A715621F82004A58B0 /* SoundPlayer.m in Sources */,
			);
			runOnlyForDeploymentPostprocessing = 0;
		};
/* End PBXSourcesBuildPhase section */

/* Begin PBXVariantGroup section */
		4203E2DB1558C62D0015EC11 /* InfoPlist.strings */ = {
			isa = PBXVariantGroup;
			children = (
				4203E2DC1558C62D0015EC11 /* en */,
			);
			name = InfoPlist.strings;
			sourceTree = "<group>";
		};
/* End PBXVariantGroup section */

/* Begin XCBuildConfiguration section */
		4203E2E41558C62D0015EC11 /* Debug */ = {
			isa = XCBuildConfiguration;
			buildSettings = {
				ALWAYS_SEARCH_USER_PATHS = NO;
				ARCHS = "$(ARCHS_STANDARD_32_BIT)";
				CLANG_ENABLE_OBJC_ARC = YES;
				"CODE_SIGN_IDENTITY[sdk=iphoneos*]" = "iPhone Developer";
				COPY_PHASE_STRIP = NO;
				GCC_C_LANGUAGE_STANDARD = gnu99;
				GCC_DYNAMIC_NO_PIC = NO;
				GCC_OPTIMIZATION_LEVEL = 0;
				GCC_PREPROCESSOR_DEFINITIONS = (
					"DEBUG=1",
					"$(inherited)",
				);
				GCC_SYMBOLS_PRIVATE_EXTERN = NO;
				GCC_VERSION = com.apple.compilers.llvm.clang.1_0;
				GCC_WARN_ABOUT_RETURN_TYPE = YES;
				GCC_WARN_UNINITIALIZED_AUTOS = YES;
				GCC_WARN_UNUSED_VARIABLE = YES;
				IPHONEOS_DEPLOYMENT_TARGET = 5.1;
				SDKROOT = iphoneos;
			};
			name = Debug;
		};
		4203E2E51558C62D0015EC11 /* Release */ = {
			isa = XCBuildConfiguration;
			buildSettings = {
				ALWAYS_SEARCH_USER_PATHS = NO;
				ARCHS = "$(ARCHS_STANDARD_32_BIT)";
				CLANG_ENABLE_OBJC_ARC = YES;
				"CODE_SIGN_IDENTITY[sdk=iphoneos*]" = "iPhone Developer";
				COPY_PHASE_STRIP = YES;
				GCC_C_LANGUAGE_STANDARD = gnu99;
				GCC_VERSION = com.apple.compilers.llvm.clang.1_0;
				GCC_WARN_ABOUT_RETURN_TYPE = YES;
				GCC_WARN_UNINITIALIZED_AUTOS = YES;
				GCC_WARN_UNUSED_VARIABLE = YES;
				IPHONEOS_DEPLOYMENT_TARGET = 5.1;
				OTHER_CFLAGS = "-DNS_BLOCK_ASSERTIONS=1";
				SDKROOT = iphoneos;
				VALIDATE_PRODUCT = YES;
			};
			name = Release;
		};
		4203E2E71558C62D0015EC11 /* Debug */ = {
			isa = XCBuildConfiguration;
			buildSettings = {
				GCC_PRECOMPILE_PREFIX_HEADER = YES;
				GCC_PREFIX_HEADER = "May3/May3-Prefix.pch";
				INFOPLIST_FILE = "May3/May3-Info.plist";
				IPHONEOS_DEPLOYMENT_TARGET = 5.0;
				PRODUCT_NAME = "$(TARGET_NAME)";
				WRAPPER_EXTENSION = app;
			};
			name = Debug;
		};
		4203E2E81558C62D0015EC11 /* Release */ = {
			isa = XCBuildConfiguration;
			buildSettings = {
				GCC_PRECOMPILE_PREFIX_HEADER = YES;
				GCC_PREFIX_HEADER = "May3/May3-Prefix.pch";
				INFOPLIST_FILE = "May3/May3-Info.plist";
				IPHONEOS_DEPLOYMENT_TARGET = 5.0;
				PRODUCT_NAME = "$(TARGET_NAME)";
				WRAPPER_EXTENSION = app;
			};
			name = Release;
		};
/* End XCBuildConfiguration section */

/* Begin XCConfigurationList section */
		4203E2C81558C62D0015EC11 /* Build configuration list for PBXProject "May3" */ = {
			isa = XCConfigurationList;
			buildConfigurations = (
				4203E2E41558C62D0015EC11 /* Debug */,
				4203E2E51558C62D0015EC11 /* Release */,
			);
			defaultConfigurationIsVisible = 0;
			defaultConfigurationName = Release;
		};
		4203E2E61558C62D0015EC11 /* Build configuration list for PBXNativeTarget "May3" */ = {
			isa = XCConfigurationList;
			buildConfigurations = (
				4203E2E71558C62D0015EC11 /* Debug */,
				4203E2E81558C62D0015EC11 /* Release */,
			);
			defaultConfigurationIsVisible = 0;
			defaultConfigurationName = Release;
		};
/* End XCConfigurationList section */
	};
	rootObject = 4203E2C51558C62D0015EC11 /* Project object */;
}
